// !$*UTF8*$!
{
	archiveVersion = 1;
	classes = {
	};
	objectVersion = 46;
	objects = {

/* Begin PBXBuildFile section */
		BC0CB91F1F0E78D700FCA45A /* AppDelegate.swift in Sources */ = {isa = PBXBuildFile; fileRef = BC0CB91E1F0E78D700FCA45A /* AppDelegate.swift */; };
		BC0CB9211F0E78D700FCA45A /* ViewController.swift in Sources */ = {isa = PBXBuildFile; fileRef = BC0CB9201F0E78D700FCA45A /* ViewController.swift */; };
		BC0CB9241F0E78D700FCA45A /* Main.storyboard in Resources */ = {isa = PBXBuildFile; fileRef = BC0CB9221F0E78D700FCA45A /* Main.storyboard */; };
		BC0CB9261F0E78D700FCA45A /* Assets.xcassets in Resources */ = {isa = PBXBuildFile; fileRef = BC0CB9251F0E78D700FCA45A /* Assets.xcassets */; };
		BC0CB9291F0E78D700FCA45A /* LaunchScreen.storyboard in Resources */ = {isa = PBXBuildFile; fileRef = BC0CB9271F0E78D700FCA45A /* LaunchScreen.storyboard */; };
		BC0CB9341F0E78D700FCA45A /* PlayerTests.swift in Sources */ = {isa = PBXBuildFile; fileRef = BC0CB9331F0E78D700FCA45A /* PlayerTests.swift */; };
		BC0CB93F1F0E78D700FCA45A /* PlayerUITests.swift in Sources */ = {isa = PBXBuildFile; fileRef = BC0CB93E1F0E78D700FCA45A /* PlayerUITests.swift */; };
/* End PBXBuildFile section */

/* Begin PBXContainerItemProxy section */
		BC0CB9301F0E78D700FCA45A /* PBXContainerItemProxy */ = {
			isa = PBXContainerItemProxy;
			containerPortal = BC0CB9131F0E78D700FCA45A /* Project object */;
			proxyType = 1;
			remoteGlobalIDString = BC0CB91A1F0E78D700FCA45A;
			remoteInfo = Player;
		};
		BC0CB93B1F0E78D700FCA45A /* PBXContainerItemProxy */ = {
			isa = PBXContainerItemProxy;
			containerPortal = BC0CB9131F0E78D700FCA45A /* Project object */;
			proxyType = 1;
			remoteGlobalIDString = BC0CB91A1F0E78D700FCA45A;
			remoteInfo = Player;
		};
/* End PBXContainerItemProxy section */

/* Begin PBXFileReference section */
		BC0CB91B1F0E78D700FCA45A /* Player.app */ = {isa = PBXFileReference; explicitFileType = wrapper.application; includeInIndex = 0; path = Player.app; sourceTree = BUILT_PRODUCTS_DIR; };
		BC0CB91E1F0E78D700FCA45A /* AppDelegate.swift */ = {isa = PBXFileReference; lastKnownFileType = sourcecode.swift; path = AppDelegate.swift; sourceTree = "<group>"; };
		BC0CB9201F0E78D700FCA45A /* ViewController.swift */ = {isa = PBXFileReference; lastKnownFileType = sourcecode.swift; path = ViewController.swift; sourceTree = "<group>"; };
		BC0CB9231F0E78D700FCA45A /* Base */ = {isa = PBXFileReference; lastKnownFileType = file.storyboard; name = Base; path = Base.lproj/Main.storyboard; sourceTree = "<group>"; };
		BC0CB9251F0E78D700FCA45A /* Assets.xcassets */ = {isa = PBXFileReference; lastKnownFileType = folder.assetcatalog; path = Assets.xcassets; sourceTree = "<group>"; };
		BC0CB9281F0E78D700FCA45A /* Base */ = {isa = PBXFileReference; lastKnownFileType = file.storyboard; name = Base; path = Base.lproj/LaunchScreen.storyboard; sourceTree = "<group>"; };
		BC0CB92A1F0E78D700FCA45A /* Info.plist */ = {isa = PBXFileReference; lastKnownFileType = text.plist.xml; path = Info.plist; sourceTree = "<group>"; };
		BC0CB92F1F0E78D700FCA45A /* PlayerTests.xctest */ = {isa = PBXFileReference; explicitFileType = wrapper.cfbundle; includeInIndex = 0; path = PlayerTests.xctest; sourceTree = BUILT_PRODUCTS_DIR; };
		BC0CB9331F0E78D700FCA45A /* PlayerTests.swift */ = {isa = PBXFileReference; lastKnownFileType = sourcecode.swift; path = PlayerTests.swift; sourceTree = "<group>"; };
		BC0CB9351F0E78D700FCA45A /* Info.plist */ = {isa = PBXFileReference; lastKnownFileType = text.plist.xml; path = Info.plist; sourceTree = "<group>"; };
		BC0CB93A1F0E78D700FCA45A /* PlayerUITests.xctest */ = {isa = PBXFileReference; explicitFileType = wrapper.cfbundle; includeInIndex = 0; path = PlayerUITests.xctest; sourceTree = BUILT_PRODUCTS_DIR; };
		BC0CB93E1F0E78D700FCA45A /* PlayerUITests.swift */ = {isa = PBXFileReference; lastKnownFileType = sourcecode.swift; path = PlayerUITests.swift; sourceTree = "<group>"; };
		BC0CB9401F0E78D700FCA45A /* Info.plist */ = {isa = PBXFileReference; lastKnownFileType = text.plist.xml; path = Info.plist; sourceTree = "<group>"; };
/* End PBXFileReference section */

/* Begin PBXFrameworksBuildPhase section */
		BC0CB9181F0E78D700FCA45A /* Frameworks */ = {
			isa = PBXFrameworksBuildPhase;
			buildActionMask = 2147483647;
			files = (
			);
			runOnlyForDeploymentPostprocessing = 0;
		};
		BC0CB92C1F0E78D700FCA45A /* Frameworks */ = {
			isa = PBXFrameworksBuildPhase;
			buildActionMask = 2147483647;
			files = (
			);
			runOnlyForDeploymentPostprocessing = 0;
		};
		BC0CB9371F0E78D700FCA45A /* Frameworks */ = {
			isa = PBXFrameworksBuildPhase;
			buildActionMask = 2147483647;
			files = (
			);
			runOnlyForDeploymentPostprocessing = 0;
		};
/* End PBXFrameworksBuildPhase section */

/* Begin PBXGroup section */
		BC0CB9121F0E78D700FCA45A = {
			isa = PBXGroup;
			children = (
				BC0CB91D1F0E78D700FCA45A /* Player */,
				BC0CB9321F0E78D700FCA45A /* PlayerTests */,
				BC0CB93D1F0E78D700FCA45A /* PlayerUITests */,
				BC0CB91C1F0E78D700FCA45A /* Products */,
			);
			sourceTree = "<group>";
		};
		BC0CB91C1F0E78D700FCA45A /* Products */ = {
			isa = PBXGroup;
			children = (
				BC0CB91B1F0E78D700FCA45A /* Player.app */,
				BC0CB92F1F0E78D700FCA45A /* PlayerTests.xctest */,
				BC0CB93A1F0E78D700FCA45A /* PlayerUITests.xctest */,
			);
			name = Products;
			sourceTree = "<group>";
		};
		BC0CB91D1F0E78D700FCA45A /* Player */ = {
			isa = PBXGroup;
			children = (
				BC0CB91E1F0E78D700FCA45A /* AppDelegate.swift */,
				BC0CB9201F0E78D700FCA45A /* ViewController.swift */,
				BC0CB9221F0E78D700FCA45A /* Main.storyboard */,
				BC0CB9251F0E78D700FCA45A /* Assets.xcassets */,
				BC0CB9271F0E78D700FCA45A /* LaunchScreen.storyboard */,
				BC0CB92A1F0E78D700FCA45A /* Info.plist */,
			);
			path = Player;
			sourceTree = "<group>";
		};
		BC0CB9321F0E78D700FCA45A /* PlayerTests */ = {
			isa = PBXGroup;
			children = (
				BC0CB9331F0E78D700FCA45A /* PlayerTests.swift */,
				BC0CB9351F0E78D700FCA45A /* Info.plist */,
			);
			path = PlayerTests;
			sourceTree = "<group>";
		};
		BC0CB93D1F0E78D700FCA45A /* PlayerUITests */ = {
			isa = PBXGroup;
			children = (
				BC0CB93E1F0E78D700FCA45A /* PlayerUITests.swift */,
				BC0CB9401F0E78D700FCA45A /* Info.plist */,
			);
			path = PlayerUITests;
			sourceTree = "<group>";
		};
/* End PBXGroup section */

/* Begin PBXNativeTarget section */
		BC0CB91A1F0E78D700FCA45A /* Player */ = {
			isa = PBXNativeTarget;
			buildConfigurationList = BC0CB9431F0E78D700FCA45A /* Build configuration list for PBXNativeTarget "Player" */;
			buildPhases = (
				BC0CB9171F0E78D700FCA45A /* Sources */,
				BC0CB9181F0E78D700FCA45A /* Frameworks */,
				BC0CB9191F0E78D700FCA45A /* Resources */,
			);
			buildRules = (
			);
			dependencies = (
			);
			name = Player;
			productName = Player;
			productReference = BC0CB91B1F0E78D700FCA45A /* Player.app */;
			productType = "com.apple.product-type.application";
		};
		BC0CB92E1F0E78D700FCA45A /* PlayerTests */ = {
			isa = PBXNativeTarget;
			buildConfigurationList = BC0CB9461F0E78D700FCA45A /* Build configuration list for PBXNativeTarget "PlayerTests" */;
			buildPhases = (
				BC0CB92B1F0E78D700FCA45A /* Sources */,
				BC0CB92C1F0E78D700FCA45A /* Frameworks */,
				BC0CB92D1F0E78D700FCA45A /* Resources */,
			);
			buildRules = (
			);
			dependencies = (
				BC0CB9311F0E78D700FCA45A /* PBXTargetDependency */,
			);
			name = PlayerTests;
			productName = PlayerTests;
			productReference = BC0CB92F1F0E78D700FCA45A /* PlayerTests.xctest */;
			productType = "com.apple.product-type.bundle.unit-test";
		};
		BC0CB9391F0E78D700FCA45A /* PlayerUITests */ = {
			isa = PBXNativeTarget;
			buildConfigurationList = BC0CB9491F0E78D700FCA45A /* Build configuration list for PBXNativeTarget "PlayerUITests" */;
			buildPhases = (
				BC0CB9361F0E78D700FCA45A /* Sources */,
				BC0CB9371F0E78D700FCA45A /* Frameworks */,
				BC0CB9381F0E78D700FCA45A /* Resources */,
			);
			buildRules = (
			);
			dependencies = (
				BC0CB93C1F0E78D700FCA45A /* PBXTargetDependency */,
			);
			name = PlayerUITests;
			productName = PlayerUITests;
			productReference = BC0CB93A1F0E78D700FCA45A /* PlayerUITests.xctest */;
			productType = "com.apple.product-type.bundle.ui-testing";
		};
/* End PBXNativeTarget section */

/* Begin PBXProject section */
		BC0CB9131F0E78D700FCA45A /* Project object */ = {
			isa = PBXProject;
			attributes = {
				LastSwiftUpdateCheck = 0830;
				LastUpgradeCheck = 0830;
				ORGANIZATIONNAME = "Келбин";
				TargetAttributes = {
					BC0CB91A1F0E78D700FCA45A = {
						CreatedOnToolsVersion = 8.3.3;
						ProvisioningStyle = Automatic;
					};
					BC0CB92E1F0E78D700FCA45A = {
						CreatedOnToolsVersion = 8.3.3;
						ProvisioningStyle = Automatic;
						TestTargetID = BC0CB91A1F0E78D700FCA45A;
					};
					BC0CB9391F0E78D700FCA45A = {
						CreatedOnToolsVersion = 8.3.3;
						ProvisioningStyle = Automatic;
						TestTargetID = BC0CB91A1F0E78D700FCA45A;
					};
				};
			};
			buildConfigurationList = BC0CB9161F0E78D700FCA45A /* Build configuration list for PBXProject "Player" */;
			compatibilityVersion = "Xcode 3.2";
			developmentRegion = English;
			hasScannedForEncodings = 0;
			knownRegions = (
				en,
				Base,
			);
			mainGroup = BC0CB9121F0E78D700FCA45A;
			productRefGroup = BC0CB91C1F0E78D700FCA45A /* Products */;
			projectDirPath = "";
			projectRoot = "";
			targets = (
				BC0CB91A1F0E78D700FCA45A /* Player */,
				BC0CB92E1F0E78D700FCA45A /* PlayerTests */,
				BC0CB9391F0E78D700FCA45A /* PlayerUITests */,
			);
		};
/* End PBXProject section */

/* Begin PBXResourcesBuildPhase section */
		BC0CB9191F0E78D700FCA45A /* Resources */ = {
			isa = PBXResourcesBuildPhase;
			buildActionMask = 2147483647;
			files = (
				BC0CB9291F0E78D700FCA45A /* LaunchScreen.storyboard in Resources */,
				BC0CB9261F0E78D700FCA45A /* Assets.xcassets in Resources */,
				BC0CB9241F0E78D700FCA45A /* Main.storyboard in Resources */,
			);
			runOnlyForDeploymentPostprocessing = 0;
		};
		BC0CB92D1F0E78D700FCA45A /* Resources */ = {
			isa = PBXResourcesBuildPhase;
			buildActionMask = 2147483647;
			files = (
			);
			runOnlyForDeploymentPostprocessing = 0;
		};
		BC0CB9381F0E78D700FCA45A /* Resources */ = {
			isa = PBXResourcesBuildPhase;
			buildActionMask = 2147483647;
			files = (
			);
			runOnlyForDeploymentPostprocessing = 0;
		};
/* End PBXResourcesBuildPhase section */

/* Begin PBXSourcesBuildPhase section */
		BC0CB9171F0E78D700FCA45A /* Sources */ = {
			isa = PBXSourcesBuildPhase;
			buildActionMask = 2147483647;
			files = (
				BC0CB9211F0E78D700FCA45A /* ViewController.swift in Sources */,
				BC0CB91F1F0E78D700FCA45A /* AppDelegate.swift in Sources */,
			);
			runOnlyForDeploymentPostprocessing = 0;
		};
		BC0CB92B1F0E78D700FCA45A /* Sources */ = {
			isa = PBXSourcesBuildPhase;
			buildActionMask = 2147483647;
			files = (
				BC0CB9341F0E78D700FCA45A /* PlayerTests.swift in Sources */,
			);
			runOnlyForDeploymentPostprocessing = 0;
		};
		BC0CB9361F0E78D700FCA45A /* Sources */ = {
			isa = PBXSourcesBuildPhase;
			buildActionMask = 2147483647;
			files = (
				BC0CB93F1F0E78D700FCA45A /* PlayerUITests.swift in Sources */,
			);
			runOnlyForDeploymentPostprocessing = 0;
		};
/* End PBXSourcesBuildPhase section */

/* Begin PBXTargetDependency section */
		BC0CB9311F0E78D700FCA45A /* PBXTargetDependency */ = {
			isa = PBXTargetDependency;
			target = BC0CB91A1F0E78D700FCA45A /* Player */;
			targetProxy = BC0CB9301F0E78D700FCA45A /* PBXContainerItemProxy */;
		};
		BC0CB93C1F0E78D700FCA45A /* PBXTargetDependency */ = {
			isa = PBXTargetDependency;
			target = BC0CB91A1F0E78D700FCA45A /* Player */;
			targetProxy = BC0CB93B1F0E78D700FCA45A /* PBXContainerItemProxy */;
		};
/* End PBXTargetDependency section */

/* Begin PBXVariantGroup section */
		BC0CB9221F0E78D700FCA45A /* Main.storyboard */ = {
			isa = PBXVariantGroup;
			children = (
				BC0CB9231F0E78D700FCA45A /* Base */,
			);
			name = Main.storyboard;
			sourceTree = "<group>";
		};
		BC0CB9271F0E78D700FCA45A /* LaunchScreen.storyboard */ = {
			isa = PBXVariantGroup;
			children = (
				BC0CB9281F0E78D700FCA45A /* Base */,
			);
			name = LaunchScreen.storyboard;
			sourceTree = "<group>";
		};
/* End PBXVariantGroup section */

/* Begin XCBuildConfiguration section */
		BC0CB9411F0E78D700FCA45A /* Debug */ = {
			isa = XCBuildConfiguration;
			buildSettings = {
				ALWAYS_SEARCH_USER_PATHS = NO;
				CLANG_ANALYZER_NONNULL = YES;
				CLANG_ANALYZER_NUMBER_OBJECT_CONVERSION = YES_AGGRESSIVE;
				CLANG_CXX_LANGUAGE_STANDARD = "gnu++0x";
				CLANG_CXX_LIBRARY = "libc++";
				CLANG_ENABLE_MODULES = YES;
				CLANG_ENABLE_OBJC_ARC = YES;
				CLANG_WARN_BOOL_CONVERSION = YES;
				CLANG_WARN_CONSTANT_CONVERSION = YES;
				CLANG_WARN_DIRECT_OBJC_ISA_USAGE = YES_ERROR;
				CLANG_WARN_DOCUMENTATION_COMMENTS = YES;
				CLANG_WARN_EMPTY_BODY = YES;
				CLANG_WARN_ENUM_CONVERSION = YES;
				CLANG_WARN_INFINITE_RECURSION = YES;
				CLANG_WARN_INT_CONVERSION = YES;
				CLANG_WARN_OBJC_ROOT_CLASS = YES_ERROR;
				CLANG_WARN_SUSPICIOUS_MOVE = YES;
				CLANG_WARN_UNREACHABLE_CODE = YES;
				CLANG_WARN__DUPLICATE_METHOD_MATCH = YES;
				"CODE_SIGN_IDENTITY[sdk=iphoneos*]" = "iPhone Developer";
				COPY_PHASE_STRIP = NO;
				DEBUG_INFORMATION_FORMAT = dwarf;
				ENABLE_STRICT_OBJC_MSGSEND = YES;
				ENABLE_TESTABILITY = YES;
				GCC_C_LANGUAGE_STANDARD = gnu99;
				GCC_DYNAMIC_NO_PIC = NO;
				GCC_NO_COMMON_BLOCKS = YES;
				GCC_OPTIMIZATION_LEVEL = 0;
				GCC_PREPROCESSOR_DEFINITIONS = (
					"DEBUG=1",
					"$(inherited)",
				);
				GCC_WARN_64_TO_32_BIT_CONVERSION = YES;
				GCC_WARN_ABOUT_RETURN_TYPE = YES_ERROR;
				GCC_WARN_UNDECLARED_SELECTOR = YES;
				GCC_WARN_UNINITIALIZED_AUTOS = YES_AGGRESSIVE;
				GCC_WARN_UNUSED_FUNCTION = YES;
				GCC_WARN_UNUSED_VARIABLE = YES;
				IPHONEOS_DEPLOYMENT_TARGET = 10.3;
				MTL_ENABLE_DEBUG_INFO = YES;
				ONLY_ACTIVE_ARCH = YES;
				SDKROOT = iphoneos;
				SWIFT_ACTIVE_COMPILATION_CONDITIONS = DEBUG;
				SWIFT_OPTIMIZATION_LEVEL = "-Onone";
				TARGETED_DEVICE_FAMILY = "1,2";
			};
			name = Debug;
		};
		BC0CB9421F0E78D700FCA45A /* Release */ = {
			isa = XCBuildConfiguration;
			buildSettings = {
				ALWAYS_SEARCH_USER_PATHS = NO;
				CLANG_ANALYZER_NONNULL = YES;
				CLANG_ANALYZER_NUMBER_OBJECT_CONVERSION = YES_AGGRESSIVE;
				CLANG_CXX_LANGUAGE_STANDARD = "gnu++0x";
				CLANG_CXX_LIBRARY = "libc++";
				CLANG_ENABLE_MODULES = YES;
				CLANG_ENABLE_OBJC_ARC = YES;
				CLANG_WARN_BOOL_CONVERSION = YES;
				CLANG_WARN_CONSTANT_CONVERSION = YES;
				CLANG_WARN_DIRECT_OBJC_ISA_USAGE = YES_ERROR;
				CLANG_WARN_DOCUMENTATION_COMMENTS = YES;
				CLANG_WARN_EMPTY_BODY = YES;
				CLANG_WARN_ENUM_CONVERSION = YES;
				CLANG_WARN_INFINITE_RECURSION = YES;
				CLANG_WARN_INT_CONVERSION = YES;
				CLANG_WARN_OBJC_ROOT_CLASS = YES_ERROR;
				CLANG_WARN_SUSPICIOUS_MOVE = YES;
				CLANG_WARN_UNREACHABLE_CODE = YES;
				CLANG_WARN__DUPLICATE_METHOD_MATCH = YES;
				"CODE_SIGN_IDENTITY[sdk=iphoneos*]" = "iPhone Developer";
				COPY_PHASE_STRIP = NO;
				DEBUG_INFORMATION_FORMAT = "dwarf-with-dsym";
				ENABLE_NS_ASSERTIONS = NO;
				ENABLE_STRICT_OBJC_MSGSEND = YES;
				GCC_C_LANGUAGE_STANDARD = gnu99;
				GCC_NO_COMMON_BLOCKS = YES;
				GCC_WARN_64_TO_32_BIT_CONVERSION = YES;
				GCC_WARN_ABOUT_RETURN_TYPE = YES_ERROR;
				GCC_WARN_UNDECLARED_SELECTOR = YES;
				GCC_WARN_UNINITIALIZED_AUTOS = YES_AGGRESSIVE;
				GCC_WARN_UNUSED_FUNCTION = YES;
				GCC_WARN_UNUSED_VARIABLE = YES;
				IPHONEOS_DEPLOYMENT_TARGET = 10.3;
				MTL_ENABLE_DEBUG_INFO = NO;
				SDKROOT = iphoneos;
				SWIFT_OPTIMIZATION_LEVEL = "-Owholemodule";
				TARGETED_DEVICE_FAMILY = "1,2";
				VALIDATE_PRODUCT = YES;
			};
			name = Release;
		};
		BC0CB9441F0E78D700FCA45A /* Debug */ = {
			isa = XCBuildConfiguration;
			buildSettings = {
				ASSETCATALOG_COMPILER_APPICON_NAME = AppIcon;
				INFOPLIST_FILE = Player/Info.plist;
				LD_RUNPATH_SEARCH_PATHS = "$(inherited) @executable_path/Frameworks";
				PRODUCT_BUNDLE_IDENTIFIER = Orc.Player;
				PRODUCT_NAME = "$(TARGET_NAME)";
				SWIFT_VERSION = 3.0;
			};
			name = Debug;
		};
		BC0CB9451F0E78D700FCA45A /* Release */ = {
			isa = XCBuildConfiguration;
			buildSettings = {
				ASSETCATALOG_COMPILER_APPICON_NAME = AppIcon;
				INFOPLIST_FILE = Player/Info.plist;
				LD_RUNPATH_SEARCH_PATHS = "$(inherited) @executable_path/Frameworks";
				PRODUCT_BUNDLE_IDENTIFIER = Orc.Player;
				PRODUCT_NAME = "$(TARGET_NAME)";
				SWIFT_VERSION = 3.0;
			};
			name = Release;
		};
		BC0CB9471F0E78D700FCA45A /* Debug */ = {
			isa = XCBuildConfiguration;
			buildSettings = {
				ALWAYS_EMBED_SWIFT_STANDARD_LIBRARIES = YES;
				BUNDLE_LOADER = "$(TEST_HOST)";
				INFOPLIST_FILE = PlayerTests/Info.plist;
				LD_RUNPATH_SEARCH_PATHS = "$(inherited) @executable_path/Frameworks @loader_path/Frameworks";
				PRODUCT_BUNDLE_IDENTIFIER = Orc.PlayerTests;
				PRODUCT_NAME = "$(TARGET_NAME)";
				SWIFT_VERSION = 3.0;
				TEST_HOST = "$(BUILT_PRODUCTS_DIR)/Player.app/Player";
			};
			name = Debug;
		};
		BC0CB9481F0E78D700FCA45A /* Release */ = {
			isa = XCBuildConfiguration;
			buildSettings = {
				ALWAYS_EMBED_SWIFT_STANDARD_LIBRARIES = YES;
				BUNDLE_LOADER = "$(TEST_HOST)";
				INFOPLIST_FILE = PlayerTests/Info.plist;
				LD_RUNPATH_SEARCH_PATHS = "$(inherited) @executable_path/Frameworks @loader_path/Frameworks";
				PRODUCT_BUNDLE_IDENTIFIER = Orc.PlayerTests;
				PRODUCT_NAME = "$(TARGET_NAME)";
				SWIFT_VERSION = 3.0;
				TEST_HOST = "$(BUILT_PRODUCTS_DIR)/Player.app/Player";
			};
			name = Release;
		};
		BC0CB94A1F0E78D700FCA45A /* Debug */ = {
			isa = XCBuildConfiguration;
			buildSettings = {
				ALWAYS_EMBED_SWIFT_STANDARD_LIBRARIES = YES;
				INFOPLIST_FILE = PlayerUITests/Info.plist;
				LD_RUNPATH_SEARCH_PATHS = "$(inherited) @executable_path/Frameworks @loader_path/Frameworks";
				PRODUCT_BUNDLE_IDENTIFIER = Orc.PlayerUITests;
				PRODUCT_NAME = "$(TARGET_NAME)";
				SWIFT_VERSION = 3.0;
				TEST_TARGET_NAME = Player;
			};
			name = Debug;
		};
		BC0CB94B1F0E78D700FCA45A /* Release */ = {
			isa = XCBuildConfiguration;
			buildSettings = {
				ALWAYS_EMBED_SWIFT_STANDARD_LIBRARIES = YES;
				INFOPLIST_FILE = PlayerUITests/Info.plist;
				LD_RUNPATH_SEARCH_PATHS = "$(inherited) @executable_path/Frameworks @loader_path/Frameworks";
				PRODUCT_BUNDLE_IDENTIFIER = Orc.PlayerUITests;
				PRODUCT_NAME = "$(TARGET_NAME)";
				SWIFT_VERSION = 3.0;
				TEST_TARGET_NAME = Player;
			};
			name = Release;
		};
/* End XCBuildConfiguration section */

/* Begin XCConfigurationList section */
		BC0CB9161F0E78D700FCA45A /* Build configuration list for PBXProject "Player" */ = {
			isa = XCConfigurationList;
			buildConfigurations = (
				BC0CB9411F0E78D700FCA45A /* Debug */,
				BC0CB9421F0E78D700FCA45A /* Release */,
			);
			defaultConfigurationIsVisible = 0;
			defaultConfigurationName = Release;
		};
		BC0CB9431F0E78D700FCA45A /* Build configuration list for PBXNativeTarget "Player" */ = {
			isa = XCConfigurationList;
			buildConfigurations = (
				BC0CB9441F0E78D700FCA45A /* Debug */,
				BC0CB9451F0E78D700FCA45A /* Release */,
			);
			defaultConfigurationIsVisible = 0;
		};
		BC0CB9461F0E78D700FCA45A /* Build configuration list for PBXNativeTarget "PlayerTests" */ = {
			isa = XCConfigurationList;
			buildConfigurations = (
				BC0CB9471F0E78D700FCA45A /* Debug */,
				BC0CB9481F0E78D700FCA45A /* Release */,
			);
			defaultConfigurationIsVisible = 0;
		};
		BC0CB9491F0E78D700FCA45A /* Build configuration list for PBXNativeTarget "PlayerUITests" */ = {
			isa = XCConfigurationList;
			buildConfigurations = (
				BC0CB94A1F0E78D700FCA45A /* Debug */,
				BC0CB94B1F0E78D700FCA45A /* Release */,
			);
			defaultConfigurationIsVisible = 0;
		};
/* End XCConfigurationList section */
	};
	rootObject = BC0CB9131F0E78D700FCA45A /* Project object */;
}
